
Microsoft Visual Studio Solution File, Format Version 12.00
# Visual Studio Version 17
VisualStudioVersion = 17.8.34330.188
MinimumVisualStudioVersion = 10.0.40219.1
Project("{FAE04EC0-301F-11D3-BF4B-00C04F79EFBC}") = "PickRandomCards", "PickRandomCards\PickRandomCards.csproj", "{B7948E18-BFA3-45A8-BD4F-8EC124D3EACD}"
EndProject
Global
	GlobalSection(SolutionConfigurationPlatforms) = preSolution
		Debug|Any CPU = Debug|Any CPU
		Release|Any CPU = Release|Any CPU
	EndGlobalSection
	GlobalSection(ProjectConfigurationPlatforms) = postSolution
		{B7948E18-BFA3-45A8-BD4F-8EC124D3EACD}.Debug|Any CPU.ActiveCfg = Debug|Any CPU
		{B7948E18-BFA3-45A8-BD4F-8EC124D3EACD}.Debug|Any CPU.Build.0 = Debug|Any CPU
		{B7948E18-BFA3-45A8-BD4F-8EC124D3EACD}.Release|Any CPU.ActiveCfg = Release|Any CPU
		{B7948E18-BFA3-45A8-BD4F-8EC124D3EACD}.Release|Any CPU.Build.0 = Release|Any CPU
	EndGlobalSection
	GlobalSection(SolutionProperties) = preSolution
		HideSolutionNode = FALSE
	EndGlobalSection
	GlobalSection(ExtensibilityGlobals) = postSolution
		SolutionGuid = {A35F0A31-DEF8-4174-BF5D-232EA9FDF914}
	EndGlobalSection
EndGlobal
